
Microsoft Visual Studio Solution File, Format Version 12.00
# Visual Studio Version 17
VisualStudioVersion = 17.10.34916.146
MinimumVisualStudioVersion = 10.0.40219.1
Project("{9A19103F-16F7-4668-BE54-9A1E7A4F7556}") = "thirdAssignment.Presentation", "thirdAssignment\thirdAssignment.Presentation.csproj", "{D84B2A1A-F952-4599-A84B-BF6C1F9D055E}"
EndProject
Project("{9A19103F-16F7-4668-BE54-9A1E7A4F7556}") = "thirdAssignment.Domain", "thirdAssignment.Domain\thirdAssignment.Domain.csproj", "{D59CBC7E-DA9A-42CB-AD12-1C9A1F8EFAA2}"
EndProject
Project("{9A19103F-16F7-4668-BE54-9A1E7A4F7556}") = "thirdAssignment.Aplication", "thirdAssignment.Aplication\thirdAssignment.Aplication.csproj", "{12CC0D6A-491F-45C0-8D17-0EC71B5BC6A0}"
EndProject
Project("{9A19103F-16F7-4668-BE54-9A1E7A4F7556}") = "thirdAssignment.Infrastructure.Persistence", "thirdAssignment.infrastructure\thirdAssignment.Infrastructure.Persistence.csproj", "{EB0E5B55-C136-46FE-B313-9775B2617869}"
EndProject
Global
	GlobalSection(SolutionConfigurationPlatforms) = preSolution
		Debug|Any CPU = Debug|Any CPU
		Release|Any CPU = Release|Any CPU
	EndGlobalSection
	GlobalSection(ProjectConfigurationPlatforms) = postSolution
		{D84B2A1A-F952-4599-A84B-BF6C1F9D055E}.Debug|Any CPU.ActiveCfg = Debug|Any CPU
		{D84B2A1A-F952-4599-A84B-BF6C1F9D055E}.Debug|Any CPU.Build.0 = Debug|Any CPU
		{D84B2A1A-F952-4599-A84B-BF6C1F9D055E}.Release|Any CPU.ActiveCfg = Release|Any CPU
		{D84B2A1A-F952-4599-A84B-BF6C1F9D055E}.Release|Any CPU.Build.0 = Release|Any CPU
		{D59CBC7E-DA9A-42CB-AD12-1C9A1F8EFAA2}.Debug|Any CPU.ActiveCfg = Debug|Any CPU
		{D59CBC7E-DA9A-42CB-AD12-1C9A1F8EFAA2}.Debug|Any CPU.Build.0 = Debug|Any CPU
		{D59CBC7E-DA9A-42CB-AD12-1C9A1F8EFAA2}.Release|Any CPU.ActiveCfg = Release|Any CPU
		{D59CBC7E-DA9A-42CB-AD12-1C9A1F8EFAA2}.Release|Any CPU.Build.0 = Release|Any CPU
		{12CC0D6A-491F-45C0-8D17-0EC71B5BC6A0}.Debug|Any CPU.ActiveCfg = Debug|Any CPU
		{12CC0D6A-491F-45C0-8D17-0EC71B5BC6A0}.Debug|Any CPU.Build.0 = Debug|Any CPU
		{12CC0D6A-491F-45C0-8D17-0EC71B5BC6A0}.Release|Any CPU.ActiveCfg = Release|Any CPU
		{12CC0D6A-491F-45C0-8D17-0EC71B5BC6A0}.Release|Any CPU.Build.0 = Release|Any CPU
		{EB0E5B55-C136-46FE-B313-9775B2617869}.Debug|Any CPU.ActiveCfg = Debug|Any CPU
		{EB0E5B55-C136-46FE-B313-9775B2617869}.Debug|Any CPU.Build.0 = Debug|Any CPU
		{EB0E5B55-C136-46FE-B313-9775B2617869}.Release|Any CPU.ActiveCfg = Release|Any CPU
		{EB0E5B55-C136-46FE-B313-9775B2617869}.Release|Any CPU.Build.0 = Release|Any CPU
	EndGlobalSection
	GlobalSection(SolutionProperties) = preSolution
		HideSolutionNode = FALSE
	EndGlobalSection
	GlobalSection(ExtensibilityGlobals) = postSolution
		SolutionGuid = {3F637681-2F68-4795-A214-C8FA902E5DF5}
	EndGlobalSection
EndGlobal
